
Microsoft Visual Studio Solution File, Format Version 12.00
# Visual Studio Version 17
VisualStudioVersion = 17.5.33516.290
MinimumVisualStudioVersion = 10.0.40219.1
Project("{FAE04EC0-301F-11D3-BF4B-00C04F79EFBC}") = "EfCodeFirst", "EfCodeFirst\EfCodeFirst.csproj", "{8990B8CC-1F63-458D-8DD9-47F1B485A8D9}"
EndProject
Global
	GlobalSection(SolutionConfigurationPlatforms) = preSolution
		Debug|Any CPU = Debug|Any CPU
		Release|Any CPU = Release|Any CPU
	EndGlobalSection
	GlobalSection(ProjectConfigurationPlatforms) = postSolution
		{8990B8CC-1F63-458D-8DD9-47F1B485A8D9}.Debug|Any CPU.ActiveCfg = Debug|Any CPU
		{8990B8CC-1F63-458D-8DD9-47F1B485A8D9}.Debug|Any CPU.Build.0 = Debug|Any CPU
		{8990B8CC-1F63-458D-8DD9-47F1B485A8D9}.Release|Any CPU.ActiveCfg = Release|Any CPU
		{8990B8CC-1F63-458D-8DD9-47F1B485A8D9}.Release|Any CPU.Build.0 = Release|Any CPU
	EndGlobalSection
	GlobalSection(SolutionProperties) = preSolution
		HideSolutionNode = FALSE
	EndGlobalSection
	GlobalSection(ExtensibilityGlobals) = postSolution
		SolutionGuid = {26247A4E-DDF2-4081-8C88-AEFED61BC848}
	EndGlobalSection
EndGlobal
